
Microsoft Visual Studio Solution File, Format Version 12.00
# Visual Studio Version 17
VisualStudioVersion = 17.13.35931.197
MinimumVisualStudioVersion = 10.0.40219.1
Project("{2150E333-8FDC-42A3-9474-1A3956D46DE8}") = "src", "src", "{02EA681E-C7D8-13C7-8484-4AC65E1B71E8}"
EndProject
Project("{2150E333-8FDC-42A3-9474-1A3956D46DE8}") = "Tests", "Tests", "{B5AD2427-7BEB-4C58-90B0-D885B8EA4B4C}"
EndProject
Project("{FAE04EC0-301F-11D3-BF4B-00C04F79EFBC}") = "Spotify.Api", "src\Spotify.Api\Spotify.Api.csproj", "{537D0BB6-D912-4926-A241-5FE533F6FCE9}"
EndProject
Project("{FAE04EC0-301F-11D3-BF4B-00C04F79EFBC}") = "Spotify.Application", "src\Spotify.Application\Spotify.Application.csproj", "{2E76D2EF-F6C1-4A8A-A13B-983F88A48446}"
EndProject
Project("{FAE04EC0-301F-11D3-BF4B-00C04F79EFBC}") = "Spotify.Domain", "src\Spotify.Domain\Spotify.Domain.csproj", "{7DC851F4-C4DD-42D4-BA93-E51611AEBBF7}"
EndProject
Project("{FAE04EC0-301F-11D3-BF4B-00C04F79EFBC}") = "Spotify.Infrastructure", "src\Spotify.Infrastructure\Spotify.Infrastructure.csproj", "{81219A77-5ED3-464B-B60F-290097BFADE4}"
EndProject
Project("{FAE04EC0-301F-11D3-BF4B-00C04F79EFBC}") = "Spotify.Core", "src\Spotify.Core\Spotify.Core.csproj", "{FCFD0CBD-07D6-4972-B09C-748EFE63473F}"
EndProject
Global
	GlobalSection(SolutionConfigurationPlatforms) = preSolution
		Debug|Any CPU = Debug|Any CPU
		Release|Any CPU = Release|Any CPU
	EndGlobalSection
	GlobalSection(ProjectConfigurationPlatforms) = postSolution
		{537D0BB6-D912-4926-A241-5FE533F6FCE9}.Debug|Any CPU.ActiveCfg = Debug|Any CPU
		{537D0BB6-D912-4926-A241-5FE533F6FCE9}.Debug|Any CPU.Build.0 = Debug|Any CPU
		{537D0BB6-D912-4926-A241-5FE533F6FCE9}.Release|Any CPU.ActiveCfg = Release|Any CPU
		{537D0BB6-D912-4926-A241-5FE533F6FCE9}.Release|Any CPU.Build.0 = Release|Any CPU
		{2E76D2EF-F6C1-4A8A-A13B-983F88A48446}.Debug|Any CPU.ActiveCfg = Debug|Any CPU
		{2E76D2EF-F6C1-4A8A-A13B-983F88A48446}.Debug|Any CPU.Build.0 = Debug|Any CPU
		{2E76D2EF-F6C1-4A8A-A13B-983F88A48446}.Release|Any CPU.ActiveCfg = Release|Any CPU
		{2E76D2EF-F6C1-4A8A-A13B-983F88A48446}.Release|Any CPU.Build.0 = Release|Any CPU
		{7DC851F4-C4DD-42D4-BA93-E51611AEBBF7}.Debug|Any CPU.ActiveCfg = Debug|Any CPU
		{7DC851F4-C4DD-42D4-BA93-E51611AEBBF7}.Debug|Any CPU.Build.0 = Debug|Any CPU
		{7DC851F4-C4DD-42D4-BA93-E51611AEBBF7}.Release|Any CPU.ActiveCfg = Release|Any CPU
		{7DC851F4-C4DD-42D4-BA93-E51611AEBBF7}.Release|Any CPU.Build.0 = Release|Any CPU
		{81219A77-5ED3-464B-B60F-290097BFADE4}.Debug|Any CPU.ActiveCfg = Debug|Any CPU
		{81219A77-5ED3-464B-B60F-290097BFADE4}.Debug|Any CPU.Build.0 = Debug|Any CPU
		{81219A77-5ED3-464B-B60F-290097BFADE4}.Release|Any CPU.ActiveCfg = Release|Any CPU
		{81219A77-5ED3-464B-B60F-290097BFADE4}.Release|Any CPU.Build.0 = Release|Any CPU
		{FCFD0CBD-07D6-4972-B09C-748EFE63473F}.Debug|Any CPU.ActiveCfg = Debug|Any CPU
		{FCFD0CBD-07D6-4972-B09C-748EFE63473F}.Debug|Any CPU.Build.0 = Debug|Any CPU
		{FCFD0CBD-07D6-4972-B09C-748EFE63473F}.Release|Any CPU.ActiveCfg = Release|Any CPU
		{FCFD0CBD-07D6-4972-B09C-748EFE63473F}.Release|Any CPU.Build.0 = Release|Any CPU
	EndGlobalSection
	GlobalSection(SolutionProperties) = preSolution
		HideSolutionNode = FALSE
	EndGlobalSection
	GlobalSection(NestedProjects) = preSolution
		{537D0BB6-D912-4926-A241-5FE533F6FCE9} = {02EA681E-C7D8-13C7-8484-4AC65E1B71E8}
		{2E76D2EF-F6C1-4A8A-A13B-983F88A48446} = {02EA681E-C7D8-13C7-8484-4AC65E1B71E8}
		{7DC851F4-C4DD-42D4-BA93-E51611AEBBF7} = {02EA681E-C7D8-13C7-8484-4AC65E1B71E8}
		{81219A77-5ED3-464B-B60F-290097BFADE4} = {02EA681E-C7D8-13C7-8484-4AC65E1B71E8}
		{FCFD0CBD-07D6-4972-B09C-748EFE63473F} = {02EA681E-C7D8-13C7-8484-4AC65E1B71E8}
	EndGlobalSection
	GlobalSection(ExtensibilityGlobals) = postSolution
		SolutionGuid = {87358009-35A0-423F-8B88-94D2BD465BB7}
	EndGlobalSection
EndGlobal
